// !$*UTF8*$!
{
	archiveVersion = 1;
	classes = {
	};
	objectVersion = 46;
	objects = {

/* Begin PBXBuildFile section */
		71F98CAC1BBB7D56004AC26A /* AppDelegate.swift in Sources */ = {isa = PBXBuildFile; fileRef = 71F98CAB1BBB7D56004AC26A /* AppDelegate.swift */; };
		71F98CAE1BBB7D56004AC26A /* ViewController.swift in Sources */ = {isa = PBXBuildFile; fileRef = 71F98CAD1BBB7D56004AC26A /* ViewController.swift */; };
		71F98CB11BBB7D56004AC26A /* Main.storyboard in Resources */ = {isa = PBXBuildFile; fileRef = 71F98CAF1BBB7D56004AC26A /* Main.storyboard */; };
		71F98CB31BBB7D56004AC26A /* Assets.xcassets in Resources */ = {isa = PBXBuildFile; fileRef = 71F98CB21BBB7D56004AC26A /* Assets.xcassets */; };
		71F98CBE1BBB7D56004AC26A /* PopularMovies_tvOSTests.swift in Sources */ = {isa = PBXBuildFile; fileRef = 71F98CBD1BBB7D56004AC26A /* PopularMovies_tvOSTests.swift */; };
		71F98CC91BBB7D56004AC26A /* PopularMovies_tvOSUITests.swift in Sources */ = {isa = PBXBuildFile; fileRef = 71F98CC81BBB7D56004AC26A /* PopularMovies_tvOSUITests.swift */; };
/* End PBXBuildFile section */

/* Begin PBXContainerItemProxy section */
		71F98CBA1BBB7D56004AC26A /* PBXContainerItemProxy */ = {
			isa = PBXContainerItemProxy;
			containerPortal = 71F98CA01BBB7D56004AC26A /* Project object */;
			proxyType = 1;
			remoteGlobalIDString = 71F98CA71BBB7D56004AC26A;
			remoteInfo = "PopularMovies-tvOS";
		};
		71F98CC51BBB7D56004AC26A /* PBXContainerItemProxy */ = {
			isa = PBXContainerItemProxy;
			containerPortal = 71F98CA01BBB7D56004AC26A /* Project object */;
			proxyType = 1;
			remoteGlobalIDString = 71F98CA71BBB7D56004AC26A;
			remoteInfo = "PopularMovies-tvOS";
		};
/* End PBXContainerItemProxy section */

/* Begin PBXFileReference section */
		71F98CA81BBB7D56004AC26A /* PopularMovies-tvOS.app */ = {isa = PBXFileReference; explicitFileType = wrapper.application; includeInIndex = 0; path = "PopularMovies-tvOS.app"; sourceTree = BUILT_PRODUCTS_DIR; };
		71F98CAB1BBB7D56004AC26A /* AppDelegate.swift */ = {isa = PBXFileReference; lastKnownFileType = sourcecode.swift; path = AppDelegate.swift; sourceTree = "<group>"; };
		71F98CAD1BBB7D56004AC26A /* ViewController.swift */ = {isa = PBXFileReference; lastKnownFileType = sourcecode.swift; path = ViewController.swift; sourceTree = "<group>"; };
		71F98CB01BBB7D56004AC26A /* Base */ = {isa = PBXFileReference; lastKnownFileType = file.storyboard; name = Base; path = Base.lproj/Main.storyboard; sourceTree = "<group>"; };
		71F98CB21BBB7D56004AC26A /* Assets.xcassets */ = {isa = PBXFileReference; lastKnownFileType = folder.assetcatalog; path = Assets.xcassets; sourceTree = "<group>"; };
		71F98CB41BBB7D56004AC26A /* Info.plist */ = {isa = PBXFileReference; lastKnownFileType = text.plist.xml; path = Info.plist; sourceTree = "<group>"; };
		71F98CB91BBB7D56004AC26A /* PopularMovies-tvOSTests.xctest */ = {isa = PBXFileReference; explicitFileType = wrapper.cfbundle; includeInIndex = 0; path = "PopularMovies-tvOSTests.xctest"; sourceTree = BUILT_PRODUCTS_DIR; };
		71F98CBD1BBB7D56004AC26A /* PopularMovies_tvOSTests.swift */ = {isa = PBXFileReference; lastKnownFileType = sourcecode.swift; path = PopularMovies_tvOSTests.swift; sourceTree = "<group>"; };
		71F98CBF1BBB7D56004AC26A /* Info.plist */ = {isa = PBXFileReference; lastKnownFileType = text.plist.xml; path = Info.plist; sourceTree = "<group>"; };
		71F98CC41BBB7D56004AC26A /* PopularMovies-tvOSUITests.xctest */ = {isa = PBXFileReference; explicitFileType = wrapper.cfbundle; includeInIndex = 0; path = "PopularMovies-tvOSUITests.xctest"; sourceTree = BUILT_PRODUCTS_DIR; };
		71F98CC81BBB7D56004AC26A /* PopularMovies_tvOSUITests.swift */ = {isa = PBXFileReference; lastKnownFileType = sourcecode.swift; path = PopularMovies_tvOSUITests.swift; sourceTree = "<group>"; };
		71F98CCA1BBB7D56004AC26A /* Info.plist */ = {isa = PBXFileReference; lastKnownFileType = text.plist.xml; path = Info.plist; sourceTree = "<group>"; };
/* End PBXFileReference section */

/* Begin PBXFrameworksBuildPhase section */
		71F98CA51BBB7D56004AC26A /* Frameworks */ = {
			isa = PBXFrameworksBuildPhase;
			buildActionMask = 2147483647;
			files = (
			);
			runOnlyForDeploymentPostprocessing = 0;
		};
		71F98CB61BBB7D56004AC26A /* Frameworks */ = {
			isa = PBXFrameworksBuildPhase;
			buildActionMask = 2147483647;
			files = (
			);
			runOnlyForDeploymentPostprocessing = 0;
		};
		71F98CC11BBB7D56004AC26A /* Frameworks */ = {
			isa = PBXFrameworksBuildPhase;
			buildActionMask = 2147483647;
			files = (
			);
			runOnlyForDeploymentPostprocessing = 0;
		};
/* End PBXFrameworksBuildPhase section */

/* Begin PBXGroup section */
		71F98C9F1BBB7D56004AC26A = {
			isa = PBXGroup;
			children = (
				71F98CAA1BBB7D56004AC26A /* PopularMovies-tvOS */,
				71F98CBC1BBB7D56004AC26A /* PopularMovies-tvOSTests */,
				71F98CC71BBB7D56004AC26A /* PopularMovies-tvOSUITests */,
				71F98CA91BBB7D56004AC26A /* Products */,
			);
			sourceTree = "<group>";
		};
		71F98CA91BBB7D56004AC26A /* Products */ = {
			isa = PBXGroup;
			children = (
				71F98CA81BBB7D56004AC26A /* PopularMovies-tvOS.app */,
				71F98CB91BBB7D56004AC26A /* PopularMovies-tvOSTests.xctest */,
				71F98CC41BBB7D56004AC26A /* PopularMovies-tvOSUITests.xctest */,
			);
			name = Products;
			sourceTree = "<group>";
		};
		71F98CAA1BBB7D56004AC26A /* PopularMovies-tvOS */ = {
			isa = PBXGroup;
			children = (
				71F98CAB1BBB7D56004AC26A /* AppDelegate.swift */,
				71F98CAD1BBB7D56004AC26A /* ViewController.swift */,
				71F98CAF1BBB7D56004AC26A /* Main.storyboard */,
				71F98CB21BBB7D56004AC26A /* Assets.xcassets */,
				71F98CB41BBB7D56004AC26A /* Info.plist */,
			);
			path = "PopularMovies-tvOS";
			sourceTree = "<group>";
		};
		71F98CBC1BBB7D56004AC26A /* PopularMovies-tvOSTests */ = {
			isa = PBXGroup;
			children = (
				71F98CBD1BBB7D56004AC26A /* PopularMovies_tvOSTests.swift */,
				71F98CBF1BBB7D56004AC26A /* Info.plist */,
			);
			path = "PopularMovies-tvOSTests";
			sourceTree = "<group>";
		};
		71F98CC71BBB7D56004AC26A /* PopularMovies-tvOSUITests */ = {
			isa = PBXGroup;
			children = (
				71F98CC81BBB7D56004AC26A /* PopularMovies_tvOSUITests.swift */,
				71F98CCA1BBB7D56004AC26A /* Info.plist */,
			);
			path = "PopularMovies-tvOSUITests";
			sourceTree = "<group>";
		};
/* End PBXGroup section */

/* Begin PBXNativeTarget section */
		71F98CA71BBB7D56004AC26A /* PopularMovies-tvOS */ = {
			isa = PBXNativeTarget;
			buildConfigurationList = 71F98CCD1BBB7D56004AC26A /* Build configuration list for PBXNativeTarget "PopularMovies-tvOS" */;
			buildPhases = (
				71F98CA41BBB7D56004AC26A /* Sources */,
				71F98CA51BBB7D56004AC26A /* Frameworks */,
				71F98CA61BBB7D56004AC26A /* Resources */,
			);
			buildRules = (
			);
			dependencies = (
			);
			name = "PopularMovies-tvOS";
			productName = "PopularMovies-tvOS";
			productReference = 71F98CA81BBB7D56004AC26A /* PopularMovies-tvOS.app */;
			productType = "com.apple.product-type.application";
		};
		71F98CB81BBB7D56004AC26A /* PopularMovies-tvOSTests */ = {
			isa = PBXNativeTarget;
			buildConfigurationList = 71F98CD01BBB7D56004AC26A /* Build configuration list for PBXNativeTarget "PopularMovies-tvOSTests" */;
			buildPhases = (
				71F98CB51BBB7D56004AC26A /* Sources */,
				71F98CB61BBB7D56004AC26A /* Frameworks */,
				71F98CB71BBB7D56004AC26A /* Resources */,
			);
			buildRules = (
			);
			dependencies = (
				71F98CBB1BBB7D56004AC26A /* PBXTargetDependency */,
			);
			name = "PopularMovies-tvOSTests";
			productName = "PopularMovies-tvOSTests";
			productReference = 71F98CB91BBB7D56004AC26A /* PopularMovies-tvOSTests.xctest */;
			productType = "com.apple.product-type.bundle.unit-test";
		};
		71F98CC31BBB7D56004AC26A /* PopularMovies-tvOSUITests */ = {
			isa = PBXNativeTarget;
			buildConfigurationList = 71F98CD31BBB7D56004AC26A /* Build configuration list for PBXNativeTarget "PopularMovies-tvOSUITests" */;
			buildPhases = (
				71F98CC01BBB7D56004AC26A /* Sources */,
				71F98CC11BBB7D56004AC26A /* Frameworks */,
				71F98CC21BBB7D56004AC26A /* Resources */,
			);
			buildRules = (
			);
			dependencies = (
				71F98CC61BBB7D56004AC26A /* PBXTargetDependency */,
			);
			name = "PopularMovies-tvOSUITests";
			productName = "PopularMovies-tvOSUITests";
			productReference = 71F98CC41BBB7D56004AC26A /* PopularMovies-tvOSUITests.xctest */;
			productType = "com.apple.product-type.bundle.ui-testing";
		};
/* End PBXNativeTarget section */

/* Begin PBXProject section */
		71F98CA01BBB7D56004AC26A /* Project object */ = {
			isa = PBXProject;
			attributes = {
				LastUpgradeCheck = 0710;
				ORGANIZATIONNAME = "iMac 27";
				TargetAttributes = {
					71F98CA71BBB7D56004AC26A = {
						CreatedOnToolsVersion = 7.1;
					};
					71F98CB81BBB7D56004AC26A = {
						CreatedOnToolsVersion = 7.1;
						TestTargetID = 71F98CA71BBB7D56004AC26A;
					};
					71F98CC31BBB7D56004AC26A = {
						CreatedOnToolsVersion = 7.1;
						TestTargetID = 71F98CA71BBB7D56004AC26A;
					};
				};
			};
			buildConfigurationList = 71F98CA31BBB7D56004AC26A /* Build configuration list for PBXProject "PopularMovies-tvOS" */;
			compatibilityVersion = "Xcode 3.2";
			developmentRegion = English;
			hasScannedForEncodings = 0;
			knownRegions = (
				en,
				Base,
			);
			mainGroup = 71F98C9F1BBB7D56004AC26A;
			productRefGroup = 71F98CA91BBB7D56004AC26A /* Products */;
			projectDirPath = "";
			projectRoot = "";
			targets = (
				71F98CA71BBB7D56004AC26A /* PopularMovies-tvOS */,
				71F98CB81BBB7D56004AC26A /* PopularMovies-tvOSTests */,
				71F98CC31BBB7D56004AC26A /* PopularMovies-tvOSUITests */,
			);
		};
/* End PBXProject section */

/* Begin PBXResourcesBuildPhase section */
		71F98CA61BBB7D56004AC26A /* Resources */ = {
			isa = PBXResourcesBuildPhase;
			buildActionMask = 2147483647;
			files = (
				71F98CB31BBB7D56004AC26A /* Assets.xcassets in Resources */,
				71F98CB11BBB7D56004AC26A /* Main.storyboard in Resources */,
			);
			runOnlyForDeploymentPostprocessing = 0;
		};
		71F98CB71BBB7D56004AC26A /* Resources */ = {
			isa = PBXResourcesBuildPhase;
			buildActionMask = 2147483647;
			files = (
			);
			runOnlyForDeploymentPostprocessing = 0;
		};
		71F98CC21BBB7D56004AC26A /* Resources */ = {
			isa = PBXResourcesBuildPhase;
			buildActionMask = 2147483647;
			files = (
			);
			runOnlyForDeploymentPostprocessing = 0;
		};
/* End PBXResourcesBuildPhase section */

/* Begin PBXSourcesBuildPhase section */
		71F98CA41BBB7D56004AC26A /* Sources */ = {
			isa = PBXSourcesBuildPhase;
			buildActionMask = 2147483647;
			files = (
				71F98CAE1BBB7D56004AC26A /* ViewController.swift in Sources */,
				71F98CAC1BBB7D56004AC26A /* AppDelegate.swift in Sources */,
			);
			runOnlyForDeploymentPostprocessing = 0;
		};
		71F98CB51BBB7D56004AC26A /* Sources */ = {
			isa = PBXSourcesBuildPhase;
			buildActionMask = 2147483647;
			files = (
				71F98CBE1BBB7D56004AC26A /* PopularMovies_tvOSTests.swift in Sources */,
			);
			runOnlyForDeploymentPostprocessing = 0;
		};
		71F98CC01BBB7D56004AC26A /* Sources */ = {
			isa = PBXSourcesBuildPhase;
			buildActionMask = 2147483647;
			files = (
				71F98CC91BBB7D56004AC26A /* PopularMovies_tvOSUITests.swift in Sources */,
			);
			runOnlyForDeploymentPostprocessing = 0;
		};
/* End PBXSourcesBuildPhase section */

/* Begin PBXTargetDependency section */
		71F98CBB1BBB7D56004AC26A /* PBXTargetDependency */ = {
			isa = PBXTargetDependency;
			target = 71F98CA71BBB7D56004AC26A /* PopularMovies-tvOS */;
			targetProxy = 71F98CBA1BBB7D56004AC26A /* PBXContainerItemProxy */;
		};
		71F98CC61BBB7D56004AC26A /* PBXTargetDependency */ = {
			isa = PBXTargetDependency;
			target = 71F98CA71BBB7D56004AC26A /* PopularMovies-tvOS */;
			targetProxy = 71F98CC51BBB7D56004AC26A /* PBXContainerItemProxy */;
		};
/* End PBXTargetDependency section */

/* Begin PBXVariantGroup section */
		71F98CAF1BBB7D56004AC26A /* Main.storyboard */ = {
			isa = PBXVariantGroup;
			children = (
				71F98CB01BBB7D56004AC26A /* Base */,
			);
			name = Main.storyboard;
			sourceTree = "<group>";
		};
/* End PBXVariantGroup section */

/* Begin XCBuildConfiguration section */
		71F98CCB1BBB7D56004AC26A /* Debug */ = {
			isa = XCBuildConfiguration;
			buildSettings = {
				ALWAYS_SEARCH_USER_PATHS = NO;
				CLANG_CXX_LANGUAGE_STANDARD = "gnu++0x";
				CLANG_CXX_LIBRARY = "libc++";
				CLANG_ENABLE_MODULES = YES;
				CLANG_ENABLE_OBJC_ARC = YES;
				CLANG_WARN_BOOL_CONVERSION = YES;
				CLANG_WARN_CONSTANT_CONVERSION = YES;
				CLANG_WARN_DIRECT_OBJC_ISA_USAGE = YES_ERROR;
				CLANG_WARN_EMPTY_BODY = YES;
				CLANG_WARN_ENUM_CONVERSION = YES;
				CLANG_WARN_INT_CONVERSION = YES;
				CLANG_WARN_OBJC_ROOT_CLASS = YES_ERROR;
				CLANG_WARN_UNREACHABLE_CODE = YES;
				CLANG_WARN__DUPLICATE_METHOD_MATCH = YES;
				COPY_PHASE_STRIP = NO;
				DEBUG_INFORMATION_FORMAT = dwarf;
				ENABLE_STRICT_OBJC_MSGSEND = YES;
				ENABLE_TESTABILITY = YES;
				GCC_C_LANGUAGE_STANDARD = gnu99;
				GCC_DYNAMIC_NO_PIC = NO;
				GCC_NO_COMMON_BLOCKS = YES;
				GCC_OPTIMIZATION_LEVEL = 0;
				GCC_PREPROCESSOR_DEFINITIONS = (
					"DEBUG=1",
					"$(inherited)",
				);
				GCC_WARN_64_TO_32_BIT_CONVERSION = YES;
				GCC_WARN_ABOUT_RETURN_TYPE = YES_ERROR;
				GCC_WARN_UNDECLARED_SELECTOR = YES;
				GCC_WARN_UNINITIALIZED_AUTOS = YES_AGGRESSIVE;
				GCC_WARN_UNUSED_FUNCTION = YES;
				GCC_WARN_UNUSED_VARIABLE = YES;
				MTL_ENABLE_DEBUG_INFO = YES;
				ONLY_ACTIVE_ARCH = YES;
				SDKROOT = appletvos;
				SWIFT_OPTIMIZATION_LEVEL = "-Onone";
				TARGETED_DEVICE_FAMILY = 3;
				TVOS_DEPLOYMENT_TARGET = 9.0;
			};
			name = Debug;
		};
		71F98CCC1BBB7D56004AC26A /* Release */ = {
			isa = XCBuildConfiguration;
			buildSettings = {
				ALWAYS_SEARCH_USER_PATHS = NO;
				CLANG_CXX_LANGUAGE_STANDARD = "gnu++0x";
				CLANG_CXX_LIBRARY = "libc++";
				CLANG_ENABLE_MODULES = YES;
				CLANG_ENABLE_OBJC_ARC = YES;
				CLANG_WARN_BOOL_CONVERSION = YES;
				CLANG_WARN_CONSTANT_CONVERSION = YES;
				CLANG_WARN_DIRECT_OBJC_ISA_USAGE = YES_ERROR;
				CLANG_WARN_EMPTY_BODY = YES;
				CLANG_WARN_ENUM_CONVERSION = YES;
				CLANG_WARN_INT_CONVERSION = YES;
				CLANG_WARN_OBJC_ROOT_CLASS = YES_ERROR;
				CLANG_WARN_UNREACHABLE_CODE = YES;
				CLANG_WARN__DUPLICATE_METHOD_MATCH = YES;
				COPY_PHASE_STRIP = NO;
				DEBUG_INFORMATION_FORMAT = "dwarf-with-dsym";
				ENABLE_NS_ASSERTIONS = NO;
				ENABLE_STRICT_OBJC_MSGSEND = YES;
				GCC_C_LANGUAGE_STANDARD = gnu99;
				GCC_NO_COMMON_BLOCKS = YES;
				GCC_WARN_64_TO_32_BIT_CONVERSION = YES;
				GCC_WARN_ABOUT_RETURN_TYPE = YES_ERROR;
				GCC_WARN_UNDECLARED_SELECTOR = YES;
				GCC_WARN_UNINITIALIZED_AUTOS = YES_AGGRESSIVE;
				GCC_WARN_UNUSED_FUNCTION = YES;
				GCC_WARN_UNUSED_VARIABLE = YES;
				MTL_ENABLE_DEBUG_INFO = NO;
				SDKROOT = appletvos;
				TARGETED_DEVICE_FAMILY = 3;
				TVOS_DEPLOYMENT_TARGET = 9.0;
				VALIDATE_PRODUCT = YES;
			};
			name = Release;
		};
		71F98CCE1BBB7D56004AC26A /* Debug */ = {
			isa = XCBuildConfiguration;
			buildSettings = {
				ASSETCATALOG_COMPILER_APPICON_NAME = "App Icon & Top Shelf Image";
				ASSETCATALOG_COMPILER_LAUNCHIMAGE_NAME = LaunchImage;
				INFOPLIST_FILE = "PopularMovies-tvOS/Info.plist";
				LD_RUNPATH_SEARCH_PATHS = "$(inherited) @executable_path/Frameworks";
				PRODUCT_BUNDLE_IDENTIFIER = "com.garthmackenzie.PopularMovies-tvOS";
				PRODUCT_NAME = "$(TARGET_NAME)";
			};
			name = Debug;
		};
		71F98CCF1BBB7D56004AC26A /* Release */ = {
			isa = XCBuildConfiguration;
			buildSettings = {
				ASSETCATALOG_COMPILER_APPICON_NAME = "App Icon & Top Shelf Image";
				ASSETCATALOG_COMPILER_LAUNCHIMAGE_NAME = LaunchImage;
				INFOPLIST_FILE = "PopularMovies-tvOS/Info.plist";
				LD_RUNPATH_SEARCH_PATHS = "$(inherited) @executable_path/Frameworks";
				PRODUCT_BUNDLE_IDENTIFIER = "com.garthmackenzie.PopularMovies-tvOS";
				PRODUCT_NAME = "$(TARGET_NAME)";
			};
			name = Release;
		};
		71F98CD11BBB7D56004AC26A /* Debug */ = {
			isa = XCBuildConfiguration;
			buildSettings = {
				BUNDLE_LOADER = "$(TEST_HOST)";
				INFOPLIST_FILE = "PopularMovies-tvOSTests/Info.plist";
				LD_RUNPATH_SEARCH_PATHS = "$(inherited) @executable_path/Frameworks @loader_path/Frameworks";
				PRODUCT_BUNDLE_IDENTIFIER = "com.garthmackenzie.PopularMovies-tvOSTests";
				PRODUCT_NAME = "$(TARGET_NAME)";
				TEST_HOST = "$(BUILT_PRODUCTS_DIR)/PopularMovies-tvOS.app/PopularMovies-tvOS";
			};
			name = Debug;
		};
		71F98CD21BBB7D56004AC26A /* Release */ = {
			isa = XCBuildConfiguration;
			buildSettings = {
				BUNDLE_LOADER = "$(TEST_HOST)";
				INFOPLIST_FILE = "PopularMovies-tvOSTests/Info.plist";
				LD_RUNPATH_SEARCH_PATHS = "$(inherited) @executable_path/Frameworks @loader_path/Frameworks";
				PRODUCT_BUNDLE_IDENTIFIER = "com.garthmackenzie.PopularMovies-tvOSTests";
				PRODUCT_NAME = "$(TARGET_NAME)";
				TEST_HOST = "$(BUILT_PRODUCTS_DIR)/PopularMovies-tvOS.app/PopularMovies-tvOS";
			};
			name = Release;
		};
		71F98CD41BBB7D56004AC26A /* Debug */ = {
			isa = XCBuildConfiguration;
			buildSettings = {
				INFOPLIST_FILE = "PopularMovies-tvOSUITests/Info.plist";
				LD_RUNPATH_SEARCH_PATHS = "$(inherited) @executable_path/Frameworks @loader_path/Frameworks";
				PRODUCT_BUNDLE_IDENTIFIER = "com.garthmackenzie.PopularMovies-tvOSUITests";
				PRODUCT_NAME = "$(TARGET_NAME)";
				TEST_TARGET_NAME = "PopularMovies-tvOS";
				USES_XCTRUNNER = YES;
			};
			name = Debug;
		};
		71F98CD51BBB7D56004AC26A /* Release */ = {
			isa = XCBuildConfiguration;
			buildSettings = {
				INFOPLIST_FILE = "PopularMovies-tvOSUITests/Info.plist";
				LD_RUNPATH_SEARCH_PATHS = "$(inherited) @executable_path/Frameworks @loader_path/Frameworks";
				PRODUCT_BUNDLE_IDENTIFIER = "com.garthmackenzie.PopularMovies-tvOSUITests";
				PRODUCT_NAME = "$(TARGET_NAME)";
				TEST_TARGET_NAME = "PopularMovies-tvOS";
				USES_XCTRUNNER = YES;
			};
			name = Release;
		};
/* End XCBuildConfiguration section */

/* Begin XCConfigurationList section */
		71F98CA31BBB7D56004AC26A /* Build configuration list for PBXProject "PopularMovies-tvOS" */ = {
			isa = XCConfigurationList;
			buildConfigurations = (
				71F98CCB1BBB7D56004AC26A /* Debug */,
				71F98CCC1BBB7D56004AC26A /* Release */,
			);
			defaultConfigurationIsVisible = 0;
			defaultConfigurationName = Release;
		};
		71F98CCD1BBB7D56004AC26A /* Build configuration list for PBXNativeTarget "PopularMovies-tvOS" */ = {
			isa = XCConfigurationList;
			buildConfigurations = (
				71F98CCE1BBB7D56004AC26A /* Debug */,
				71F98CCF1BBB7D56004AC26A /* Release */,
			);
			defaultConfigurationIsVisible = 0;
		};
		71F98CD01BBB7D56004AC26A /* Build configuration list for PBXNativeTarget "PopularMovies-tvOSTests" */ = {
			isa = XCConfigurationList;
			buildConfigurations = (
				71F98CD11BBB7D56004AC26A /* Debug */,
				71F98CD21BBB7D56004AC26A /* Release */,
			);
			defaultConfigurationIsVisible = 0;
		};
		71F98CD31BBB7D56004AC26A /* Build configuration list for PBXNativeTarget "PopularMovies-tvOSUITests" */ = {
			isa = XCConfigurationList;
			buildConfigurations = (
				71F98CD41BBB7D56004AC26A /* Debug */,
				71F98CD51BBB7D56004AC26A /* Release */,
			);
			defaultConfigurationIsVisible = 0;
		};
/* End XCConfigurationList section */
	};
	rootObject = 71F98CA01BBB7D56004AC26A /* Project object */;
}
